
Microsoft Visual Studio Solution File, Format Version 11.00
# Visual Studio 2010
Project("{FAE04EC0-301F-11D3-BF4B-00C04F79EFBC}") = "CSSoft.WebService", "CSSoft.WebService\CSSoft.WebService.csproj", "{D2FC0E7E-BB3C-4916-A7A8-4CBBBD096E56}"
EndProject
Global
	GlobalSection(SolutionConfigurationPlatforms) = preSolution
		Debug|Any CPU = Debug|Any CPU
		Release|Any CPU = Release|Any CPU
	EndGlobalSection
	GlobalSection(ProjectConfigurationPlatforms) = postSolution
		{D2FC0E7E-BB3C-4916-A7A8-4CBBBD096E56}.Debug|Any CPU.ActiveCfg = Debug|Any CPU
		{D2FC0E7E-BB3C-4916-A7A8-4CBBBD096E56}.Debug|Any CPU.Build.0 = Debug|Any CPU
		{D2FC0E7E-BB3C-4916-A7A8-4CBBBD096E56}.Debug|Any CPU.Deploy.0 = Debug|Any CPU
		{D2FC0E7E-BB3C-4916-A7A8-4CBBBD096E56}.Release|Any CPU.ActiveCfg = Release|Any CPU
		{D2FC0E7E-BB3C-4916-A7A8-4CBBBD096E56}.Release|Any CPU.Build.0 = Release|Any CPU
		{D2FC0E7E-BB3C-4916-A7A8-4CBBBD096E56}.Release|Any CPU.Deploy.0 = Release|Any CPU
	EndGlobalSection
	GlobalSection(SolutionProperties) = preSolution
		HideSolutionNode = FALSE
	EndGlobalSection
EndGlobal
