
Microsoft Visual Studio Solution File, Format Version 11.00
# Visual Studio 2010
Project("{FAE04EC0-301F-11D3-BF4B-00C04F79EFBC}") = "CSSoft.SharePointSnippet", "CSSoft.SharePointSnippet\CSSoft.SharePointSnippet.csproj", "{45EB1441-DA75-4FB2-89EB-C3FE7CAD43CF}"
EndProject
Project("{FAE04EC0-301F-11D3-BF4B-00C04F79EFBC}") = "CSSoft", "..\Common\CSSoft.csproj", "{092DECFB-95AE-468F-81CF-A4AA4F57F62C}"
EndProject
Global
	GlobalSection(SolutionConfigurationPlatforms) = preSolution
		Debug|Any CPU = Debug|Any CPU
		Release|Any CPU = Release|Any CPU
	EndGlobalSection
	GlobalSection(ProjectConfigurationPlatforms) = postSolution
		{45EB1441-DA75-4FB2-89EB-C3FE7CAD43CF}.Debug|Any CPU.ActiveCfg = Debug|Any CPU
		{45EB1441-DA75-4FB2-89EB-C3FE7CAD43CF}.Debug|Any CPU.Build.0 = Debug|Any CPU
		{45EB1441-DA75-4FB2-89EB-C3FE7CAD43CF}.Debug|Any CPU.Deploy.0 = Debug|Any CPU
		{45EB1441-DA75-4FB2-89EB-C3FE7CAD43CF}.Release|Any CPU.ActiveCfg = Release|Any CPU
		{45EB1441-DA75-4FB2-89EB-C3FE7CAD43CF}.Release|Any CPU.Build.0 = Release|Any CPU
		{45EB1441-DA75-4FB2-89EB-C3FE7CAD43CF}.Release|Any CPU.Deploy.0 = Release|Any CPU
		{092DECFB-95AE-468F-81CF-A4AA4F57F62C}.Debug|Any CPU.ActiveCfg = Debug|Any CPU
		{092DECFB-95AE-468F-81CF-A4AA4F57F62C}.Debug|Any CPU.Build.0 = Debug|Any CPU
		{092DECFB-95AE-468F-81CF-A4AA4F57F62C}.Debug|Any CPU.Deploy.0 = Debug|Any CPU
		{092DECFB-95AE-468F-81CF-A4AA4F57F62C}.Release|Any CPU.ActiveCfg = Release|Any CPU
		{092DECFB-95AE-468F-81CF-A4AA4F57F62C}.Release|Any CPU.Build.0 = Release|Any CPU
		{092DECFB-95AE-468F-81CF-A4AA4F57F62C}.Release|Any CPU.Deploy.0 = Release|Any CPU
	EndGlobalSection
	GlobalSection(SolutionProperties) = preSolution
		HideSolutionNode = FALSE
	EndGlobalSection
EndGlobal
