
Microsoft Visual Studio Solution File, Format Version 11.00
# Visual Studio 2010
Project("{FAE04EC0-301F-11D3-BF4B-00C04F79EFBC}") = "getUserLoginsByGroupName", "getUserLoginsByGroupName\getUserLoginsByGroupName.csproj", "{FDB823B1-7585-4F4A-A451-D735512F6A23}"
EndProject
Project("{FAE04EC0-301F-11D3-BF4B-00C04F79EFBC}") = "getRelevantTaskID", "getRelevantTaskID\getRelevantTaskID.csproj", "{05851E54-0A35-4DB9-B9F5-0D34900BDDB5}"
EndProject
Project("{FAE04EC0-301F-11D3-BF4B-00C04F79EFBC}") = "test", "test\test.csproj", "{1136A594-6AB3-4E3C-9A6C-307BA2E3D58B}"
EndProject
Project("{FAE04EC0-301F-11D3-BF4B-00C04F79EFBC}") = "wfTest", "wfTest\wfTest.csproj", "{8DAF7ADC-CCE0-4FA5-A83D-A8864DFC2F06}"
EndProject
Project("{FAE04EC0-301F-11D3-BF4B-00C04F79EFBC}") = "wfState", "wfState\wfState.csproj", "{70C58929-10AF-4EFF-9705-D7DD2D17CF50}"
EndProject
Project("{FAE04EC0-301F-11D3-BF4B-00C04F79EFBC}") = "alterTaskByTaskID", "alterTaskByTaskID\alterTaskByTaskID.csproj", "{487A1706-818A-453C-A0A3-63D74A8747F1}"
EndProject
Project("{FAE04EC0-301F-11D3-BF4B-00C04F79EFBC}") = "completeTaskByTaskID", "completeTaskByTaskID\completeTaskByTaskID.csproj", "{2FDAF423-19DE-4C2E-A1EB-405AA8256DC6}"
EndProject
Project("{FAE04EC0-301F-11D3-BF4B-00C04F79EFBC}") = "updateItemsByCAML", "updateItemsByCAML\updateItemsByCAML.csproj", "{F3013915-C48B-4FC8-9589-5026B7987DC7}"
EndProject
Project("{FAE04EC0-301F-11D3-BF4B-00C04F79EFBC}") = "deleteItemsByCAML", "deleteItemsByCAML\deleteItemsByCAML.csproj", "{17D27023-C006-447D-8FF7-B69423A21E71}"
EndProject
Project("{FAE04EC0-301F-11D3-BF4B-00C04F79EFBC}") = "updateItemsByListview", "updateItemsByListview\updateItemsByListview.csproj", "{230D76B3-8CD0-4DBA-8EDD-DE85C7BFCEF8}"
EndProject
Project("{FAE04EC0-301F-11D3-BF4B-00C04F79EFBC}") = "deleteItemsByListview", "deleteItemsByListview\deleteItemsByListview.csproj", "{BE6EBCCB-B7D8-4FCC-BA63-61A93BB8E4B9}"
EndProject
Project("{2150E333-8FDC-42A3-9474-1A3956D46DE8}") = "Solution Items", "Solution Items", "{F6A7A0C2-79B0-41C5-A0F5-C4A85F80E83F}"
	ProjectSection(SolutionItems) = preProject
		Package\DeployAll.cmd = Package\DeployAll.cmd
		Package\refreshDebug.cmd = Package\refreshDebug.cmd
		Package\refreshRelease.cmd = Package\refreshRelease.cmd
		Package\UninstallAll.cmd = Package\UninstallAll.cmd
	EndProjectSection
EndProject
Project("{FAE04EC0-301F-11D3-BF4B-00C04F79EFBC}") = "waitForSeconds", "waitForSeconds\waitForSeconds.csproj", "{18988BA3-5C76-4C3B-B2E8-532B887A95E0}"
EndProject
Project("{FAE04EC0-301F-11D3-BF4B-00C04F79EFBC}") = "getCurrentDateTime", "getCurrentDateTime\getCurrentDateTime.csproj", "{22C2A41E-CBFB-4097-B877-D7CBB8533543}"
EndProject
Project("{FAE04EC0-301F-11D3-BF4B-00C04F79EFBC}") = "getEmailAttachmentLinks", "getEmailAttachmentLinks\getEmailAttachmentLinks.csproj", "{4CB27B70-5E71-48B0-8161-D1620E1946A5}"
EndProject
Project("{FAE04EC0-301F-11D3-BF4B-00C04F79EFBC}") = "enableNewLineForRichText", "enableNewLineForRichText\enableNewLineForRichText.csproj", "{4F3FFF55-76B3-4F9F-BB7C-5C241C713DA4}"
EndProject
Project("{FAE04EC0-301F-11D3-BF4B-00C04F79EFBC}") = "CalculateBusinessHours", "CalculateBusinessHours\CalculateBusinessHours.csproj", "{ABC37F30-5D1A-4519-9F07-E7DBAC228B26}"
EndProject
Project("{FAE04EC0-301F-11D3-BF4B-00C04F79EFBC}") = "getLocalTimeFromUTC", "getLocalTimeFromUTC\getLocalTimeFromUTC.csproj", "{8ABD1D32-EF50-443E-B9E7-E2CDDFEC83D3}"
EndProject
Project("{FAE04EC0-301F-11D3-BF4B-00C04F79EFBC}") = "getCountByListview", "getCountByListview\getCountByListview.csproj", "{39679A8D-4476-477B-B7E6-C0468315808C}"
EndProject
Project("{FAE04EC0-301F-11D3-BF4B-00C04F79EFBC}") = "getCountByCAML", "getCountByCAML\getCountByCAML.csproj", "{53976E1A-29A1-4152-98A8-348277E6E7B6}"
EndProject
Project("{FAE04EC0-301F-11D3-BF4B-00C04F79EFBC}") = "getListIDByListTitle", "getListIDByListTitle\getListIDByListTitle.csproj", "{618A34EF-EDDB-4F70-AA77-2F028767BE46}"
	ProjectSection(ProjectDependencies) = postProject
		{FDB823B1-7585-4F4A-A451-D735512F6A23} = {FDB823B1-7585-4F4A-A451-D735512F6A23}
	EndProjectSection
EndProject
Project("{FAE04EC0-301F-11D3-BF4B-00C04F79EFBC}") = "getFieldValueByListview", "getFieldValueByListview\getFieldValueByListview.csproj", "{F9A495FC-F856-4B8C-9802-65E8DD5CAEE1}"
EndProject
Project("{FAE04EC0-301F-11D3-BF4B-00C04F79EFBC}") = "getFieldValueByCAML", "getFieldValueByCAML\getFieldValueByCAML.csproj", "{B2BD93B2-4683-4F46-A480-B280D27C0244}"
EndProject
Project("{FAE04EC0-301F-11D3-BF4B-00C04F79EFBC}") = "getSumByCAML", "getSumByCAML\getSumByCAML.csproj", "{F95B7EE9-924C-4D01-8AF9-CF6491D43AF2}"
EndProject
Global
	GlobalSection(SolutionConfigurationPlatforms) = preSolution
		Debug|Any CPU = Debug|Any CPU
		Debug|Mixed Platforms = Debug|Mixed Platforms
		Debug|x86 = Debug|x86
		Release|Any CPU = Release|Any CPU
		Release|Mixed Platforms = Release|Mixed Platforms
		Release|x86 = Release|x86
	EndGlobalSection
	GlobalSection(ProjectConfigurationPlatforms) = postSolution
		{FDB823B1-7585-4F4A-A451-D735512F6A23}.Debug|Any CPU.ActiveCfg = Debug|Any CPU
		{FDB823B1-7585-4F4A-A451-D735512F6A23}.Debug|Any CPU.Build.0 = Debug|Any CPU
		{FDB823B1-7585-4F4A-A451-D735512F6A23}.Debug|Any CPU.Deploy.0 = Debug|Any CPU
		{FDB823B1-7585-4F4A-A451-D735512F6A23}.Debug|Mixed Platforms.ActiveCfg = Debug|Any CPU
		{FDB823B1-7585-4F4A-A451-D735512F6A23}.Debug|Mixed Platforms.Build.0 = Debug|Any CPU
		{FDB823B1-7585-4F4A-A451-D735512F6A23}.Debug|Mixed Platforms.Deploy.0 = Debug|Any CPU
		{FDB823B1-7585-4F4A-A451-D735512F6A23}.Debug|x86.ActiveCfg = Debug|Any CPU
		{FDB823B1-7585-4F4A-A451-D735512F6A23}.Release|Any CPU.ActiveCfg = Release|Any CPU
		{FDB823B1-7585-4F4A-A451-D735512F6A23}.Release|Any CPU.Build.0 = Release|Any CPU
		{FDB823B1-7585-4F4A-A451-D735512F6A23}.Release|Any CPU.Deploy.0 = Release|Any CPU
		{FDB823B1-7585-4F4A-A451-D735512F6A23}.Release|Mixed Platforms.ActiveCfg = Release|Any CPU
		{FDB823B1-7585-4F4A-A451-D735512F6A23}.Release|Mixed Platforms.Build.0 = Release|Any CPU
		{FDB823B1-7585-4F4A-A451-D735512F6A23}.Release|Mixed Platforms.Deploy.0 = Release|Any CPU
		{FDB823B1-7585-4F4A-A451-D735512F6A23}.Release|x86.ActiveCfg = Release|Any CPU
		{05851E54-0A35-4DB9-B9F5-0D34900BDDB5}.Debug|Any CPU.ActiveCfg = Debug|Any CPU
		{05851E54-0A35-4DB9-B9F5-0D34900BDDB5}.Debug|Any CPU.Build.0 = Debug|Any CPU
		{05851E54-0A35-4DB9-B9F5-0D34900BDDB5}.Debug|Any CPU.Deploy.0 = Debug|Any CPU
		{05851E54-0A35-4DB9-B9F5-0D34900BDDB5}.Debug|Mixed Platforms.ActiveCfg = Debug|Any CPU
		{05851E54-0A35-4DB9-B9F5-0D34900BDDB5}.Debug|Mixed Platforms.Build.0 = Debug|Any CPU
		{05851E54-0A35-4DB9-B9F5-0D34900BDDB5}.Debug|Mixed Platforms.Deploy.0 = Debug|Any CPU
		{05851E54-0A35-4DB9-B9F5-0D34900BDDB5}.Debug|x86.ActiveCfg = Debug|Any CPU
		{05851E54-0A35-4DB9-B9F5-0D34900BDDB5}.Release|Any CPU.ActiveCfg = Release|Any CPU
		{05851E54-0A35-4DB9-B9F5-0D34900BDDB5}.Release|Any CPU.Build.0 = Release|Any CPU
		{05851E54-0A35-4DB9-B9F5-0D34900BDDB5}.Release|Any CPU.Deploy.0 = Release|Any CPU
		{05851E54-0A35-4DB9-B9F5-0D34900BDDB5}.Release|Mixed Platforms.ActiveCfg = Release|Any CPU
		{05851E54-0A35-4DB9-B9F5-0D34900BDDB5}.Release|Mixed Platforms.Build.0 = Release|Any CPU
		{05851E54-0A35-4DB9-B9F5-0D34900BDDB5}.Release|Mixed Platforms.Deploy.0 = Release|Any CPU
		{05851E54-0A35-4DB9-B9F5-0D34900BDDB5}.Release|x86.ActiveCfg = Release|Any CPU
		{1136A594-6AB3-4E3C-9A6C-307BA2E3D58B}.Debug|Any CPU.ActiveCfg = Debug|x86
		{1136A594-6AB3-4E3C-9A6C-307BA2E3D58B}.Debug|Mixed Platforms.ActiveCfg = Debug|x86
		{1136A594-6AB3-4E3C-9A6C-307BA2E3D58B}.Debug|Mixed Platforms.Build.0 = Debug|x86
		{1136A594-6AB3-4E3C-9A6C-307BA2E3D58B}.Debug|x86.ActiveCfg = Debug|x86
		{1136A594-6AB3-4E3C-9A6C-307BA2E3D58B}.Debug|x86.Build.0 = Debug|x86
		{1136A594-6AB3-4E3C-9A6C-307BA2E3D58B}.Release|Any CPU.ActiveCfg = Release|x86
		{1136A594-6AB3-4E3C-9A6C-307BA2E3D58B}.Release|Mixed Platforms.ActiveCfg = Release|x86
		{1136A594-6AB3-4E3C-9A6C-307BA2E3D58B}.Release|Mixed Platforms.Build.0 = Release|x86
		{1136A594-6AB3-4E3C-9A6C-307BA2E3D58B}.Release|x86.ActiveCfg = Release|x86
		{1136A594-6AB3-4E3C-9A6C-307BA2E3D58B}.Release|x86.Build.0 = Release|x86
		{8DAF7ADC-CCE0-4FA5-A83D-A8864DFC2F06}.Debug|Any CPU.ActiveCfg = Debug|Any CPU
		{8DAF7ADC-CCE0-4FA5-A83D-A8864DFC2F06}.Debug|Any CPU.Build.0 = Debug|Any CPU
		{8DAF7ADC-CCE0-4FA5-A83D-A8864DFC2F06}.Debug|Any CPU.Deploy.0 = Debug|Any CPU
		{8DAF7ADC-CCE0-4FA5-A83D-A8864DFC2F06}.Debug|Mixed Platforms.ActiveCfg = Debug|Any CPU
		{8DAF7ADC-CCE0-4FA5-A83D-A8864DFC2F06}.Debug|Mixed Platforms.Build.0 = Debug|Any CPU
		{8DAF7ADC-CCE0-4FA5-A83D-A8864DFC2F06}.Debug|Mixed Platforms.Deploy.0 = Debug|Any CPU
		{8DAF7ADC-CCE0-4FA5-A83D-A8864DFC2F06}.Debug|x86.ActiveCfg = Debug|Any CPU
		{8DAF7ADC-CCE0-4FA5-A83D-A8864DFC2F06}.Release|Any CPU.ActiveCfg = Release|Any CPU
		{8DAF7ADC-CCE0-4FA5-A83D-A8864DFC2F06}.Release|Any CPU.Build.0 = Release|Any CPU
		{8DAF7ADC-CCE0-4FA5-A83D-A8864DFC2F06}.Release|Any CPU.Deploy.0 = Release|Any CPU
		{8DAF7ADC-CCE0-4FA5-A83D-A8864DFC2F06}.Release|Mixed Platforms.ActiveCfg = Release|Any CPU
		{8DAF7ADC-CCE0-4FA5-A83D-A8864DFC2F06}.Release|Mixed Platforms.Build.0 = Release|Any CPU
		{8DAF7ADC-CCE0-4FA5-A83D-A8864DFC2F06}.Release|Mixed Platforms.Deploy.0 = Release|Any CPU
		{8DAF7ADC-CCE0-4FA5-A83D-A8864DFC2F06}.Release|x86.ActiveCfg = Release|Any CPU
		{70C58929-10AF-4EFF-9705-D7DD2D17CF50}.Debug|Any CPU.ActiveCfg = Debug|Any CPU
		{70C58929-10AF-4EFF-9705-D7DD2D17CF50}.Debug|Any CPU.Build.0 = Debug|Any CPU
		{70C58929-10AF-4EFF-9705-D7DD2D17CF50}.Debug|Any CPU.Deploy.0 = Debug|Any CPU
		{70C58929-10AF-4EFF-9705-D7DD2D17CF50}.Debug|Mixed Platforms.ActiveCfg = Debug|Any CPU
		{70C58929-10AF-4EFF-9705-D7DD2D17CF50}.Debug|Mixed Platforms.Build.0 = Debug|Any CPU
		{70C58929-10AF-4EFF-9705-D7DD2D17CF50}.Debug|Mixed Platforms.Deploy.0 = Debug|Any CPU
		{70C58929-10AF-4EFF-9705-D7DD2D17CF50}.Debug|x86.ActiveCfg = Debug|Any CPU
		{70C58929-10AF-4EFF-9705-D7DD2D17CF50}.Release|Any CPU.ActiveCfg = Release|Any CPU
		{70C58929-10AF-4EFF-9705-D7DD2D17CF50}.Release|Any CPU.Build.0 = Release|Any CPU
		{70C58929-10AF-4EFF-9705-D7DD2D17CF50}.Release|Any CPU.Deploy.0 = Release|Any CPU
		{70C58929-10AF-4EFF-9705-D7DD2D17CF50}.Release|Mixed Platforms.ActiveCfg = Release|Any CPU
		{70C58929-10AF-4EFF-9705-D7DD2D17CF50}.Release|Mixed Platforms.Build.0 = Release|Any CPU
		{70C58929-10AF-4EFF-9705-D7DD2D17CF50}.Release|Mixed Platforms.Deploy.0 = Release|Any CPU
		{70C58929-10AF-4EFF-9705-D7DD2D17CF50}.Release|x86.ActiveCfg = Release|Any CPU
		{487A1706-818A-453C-A0A3-63D74A8747F1}.Debug|Any CPU.ActiveCfg = Debug|Any CPU
		{487A1706-818A-453C-A0A3-63D74A8747F1}.Debug|Any CPU.Build.0 = Debug|Any CPU
		{487A1706-818A-453C-A0A3-63D74A8747F1}.Debug|Any CPU.Deploy.0 = Debug|Any CPU
		{487A1706-818A-453C-A0A3-63D74A8747F1}.Debug|Mixed Platforms.ActiveCfg = Debug|Any CPU
		{487A1706-818A-453C-A0A3-63D74A8747F1}.Debug|Mixed Platforms.Build.0 = Debug|Any CPU
		{487A1706-818A-453C-A0A3-63D74A8747F1}.Debug|Mixed Platforms.Deploy.0 = Debug|Any CPU
		{487A1706-818A-453C-A0A3-63D74A8747F1}.Debug|x86.ActiveCfg = Debug|Any CPU
		{487A1706-818A-453C-A0A3-63D74A8747F1}.Release|Any CPU.ActiveCfg = Release|Any CPU
		{487A1706-818A-453C-A0A3-63D74A8747F1}.Release|Any CPU.Build.0 = Release|Any CPU
		{487A1706-818A-453C-A0A3-63D74A8747F1}.Release|Any CPU.Deploy.0 = Release|Any CPU
		{487A1706-818A-453C-A0A3-63D74A8747F1}.Release|Mixed Platforms.ActiveCfg = Release|Any CPU
		{487A1706-818A-453C-A0A3-63D74A8747F1}.Release|Mixed Platforms.Build.0 = Release|Any CPU
		{487A1706-818A-453C-A0A3-63D74A8747F1}.Release|Mixed Platforms.Deploy.0 = Release|Any CPU
		{487A1706-818A-453C-A0A3-63D74A8747F1}.Release|x86.ActiveCfg = Release|Any CPU
		{2FDAF423-19DE-4C2E-A1EB-405AA8256DC6}.Debug|Any CPU.ActiveCfg = Debug|Any CPU
		{2FDAF423-19DE-4C2E-A1EB-405AA8256DC6}.Debug|Any CPU.Build.0 = Debug|Any CPU
		{2FDAF423-19DE-4C2E-A1EB-405AA8256DC6}.Debug|Any CPU.Deploy.0 = Debug|Any CPU
		{2FDAF423-19DE-4C2E-A1EB-405AA8256DC6}.Debug|Mixed Platforms.ActiveCfg = Debug|Any CPU
		{2FDAF423-19DE-4C2E-A1EB-405AA8256DC6}.Debug|Mixed Platforms.Build.0 = Debug|Any CPU
		{2FDAF423-19DE-4C2E-A1EB-405AA8256DC6}.Debug|Mixed Platforms.Deploy.0 = Debug|Any CPU
		{2FDAF423-19DE-4C2E-A1EB-405AA8256DC6}.Debug|x86.ActiveCfg = Debug|Any CPU
		{2FDAF423-19DE-4C2E-A1EB-405AA8256DC6}.Release|Any CPU.ActiveCfg = Release|Any CPU
		{2FDAF423-19DE-4C2E-A1EB-405AA8256DC6}.Release|Any CPU.Build.0 = Release|Any CPU
		{2FDAF423-19DE-4C2E-A1EB-405AA8256DC6}.Release|Any CPU.Deploy.0 = Release|Any CPU
		{2FDAF423-19DE-4C2E-A1EB-405AA8256DC6}.Release|Mixed Platforms.ActiveCfg = Release|Any CPU
		{2FDAF423-19DE-4C2E-A1EB-405AA8256DC6}.Release|Mixed Platforms.Build.0 = Release|Any CPU
		{2FDAF423-19DE-4C2E-A1EB-405AA8256DC6}.Release|Mixed Platforms.Deploy.0 = Release|Any CPU
		{2FDAF423-19DE-4C2E-A1EB-405AA8256DC6}.Release|x86.ActiveCfg = Release|Any CPU
		{F3013915-C48B-4FC8-9589-5026B7987DC7}.Debug|Any CPU.ActiveCfg = Debug|Any CPU
		{F3013915-C48B-4FC8-9589-5026B7987DC7}.Debug|Any CPU.Build.0 = Debug|Any CPU
		{F3013915-C48B-4FC8-9589-5026B7987DC7}.Debug|Any CPU.Deploy.0 = Debug|Any CPU
		{F3013915-C48B-4FC8-9589-5026B7987DC7}.Debug|Mixed Platforms.ActiveCfg = Debug|Any CPU
		{F3013915-C48B-4FC8-9589-5026B7987DC7}.Debug|Mixed Platforms.Build.0 = Debug|Any CPU
		{F3013915-C48B-4FC8-9589-5026B7987DC7}.Debug|Mixed Platforms.Deploy.0 = Debug|Any CPU
		{F3013915-C48B-4FC8-9589-5026B7987DC7}.Debug|x86.ActiveCfg = Debug|Any CPU
		{F3013915-C48B-4FC8-9589-5026B7987DC7}.Release|Any CPU.ActiveCfg = Release|Any CPU
		{F3013915-C48B-4FC8-9589-5026B7987DC7}.Release|Any CPU.Build.0 = Release|Any CPU
		{F3013915-C48B-4FC8-9589-5026B7987DC7}.Release|Any CPU.Deploy.0 = Release|Any CPU
		{F3013915-C48B-4FC8-9589-5026B7987DC7}.Release|Mixed Platforms.ActiveCfg = Release|Any CPU
		{F3013915-C48B-4FC8-9589-5026B7987DC7}.Release|Mixed Platforms.Build.0 = Release|Any CPU
		{F3013915-C48B-4FC8-9589-5026B7987DC7}.Release|Mixed Platforms.Deploy.0 = Release|Any CPU
		{F3013915-C48B-4FC8-9589-5026B7987DC7}.Release|x86.ActiveCfg = Release|Any CPU
		{17D27023-C006-447D-8FF7-B69423A21E71}.Debug|Any CPU.ActiveCfg = Debug|Any CPU
		{17D27023-C006-447D-8FF7-B69423A21E71}.Debug|Any CPU.Build.0 = Debug|Any CPU
		{17D27023-C006-447D-8FF7-B69423A21E71}.Debug|Any CPU.Deploy.0 = Debug|Any CPU
		{17D27023-C006-447D-8FF7-B69423A21E71}.Debug|Mixed Platforms.ActiveCfg = Debug|Any CPU
		{17D27023-C006-447D-8FF7-B69423A21E71}.Debug|Mixed Platforms.Build.0 = Debug|Any CPU
		{17D27023-C006-447D-8FF7-B69423A21E71}.Debug|Mixed Platforms.Deploy.0 = Debug|Any CPU
		{17D27023-C006-447D-8FF7-B69423A21E71}.Debug|x86.ActiveCfg = Debug|Any CPU
		{17D27023-C006-447D-8FF7-B69423A21E71}.Release|Any CPU.ActiveCfg = Release|Any CPU
		{17D27023-C006-447D-8FF7-B69423A21E71}.Release|Any CPU.Build.0 = Release|Any CPU
		{17D27023-C006-447D-8FF7-B69423A21E71}.Release|Any CPU.Deploy.0 = Release|Any CPU
		{17D27023-C006-447D-8FF7-B69423A21E71}.Release|Mixed Platforms.ActiveCfg = Release|Any CPU
		{17D27023-C006-447D-8FF7-B69423A21E71}.Release|Mixed Platforms.Build.0 = Release|Any CPU
		{17D27023-C006-447D-8FF7-B69423A21E71}.Release|Mixed Platforms.Deploy.0 = Release|Any CPU
		{17D27023-C006-447D-8FF7-B69423A21E71}.Release|x86.ActiveCfg = Release|Any CPU
		{230D76B3-8CD0-4DBA-8EDD-DE85C7BFCEF8}.Debug|Any CPU.ActiveCfg = Debug|Any CPU
		{230D76B3-8CD0-4DBA-8EDD-DE85C7BFCEF8}.Debug|Any CPU.Build.0 = Debug|Any CPU
		{230D76B3-8CD0-4DBA-8EDD-DE85C7BFCEF8}.Debug|Any CPU.Deploy.0 = Debug|Any CPU
		{230D76B3-8CD0-4DBA-8EDD-DE85C7BFCEF8}.Debug|Mixed Platforms.ActiveCfg = Debug|Any CPU
		{230D76B3-8CD0-4DBA-8EDD-DE85C7BFCEF8}.Debug|Mixed Platforms.Build.0 = Debug|Any CPU
		{230D76B3-8CD0-4DBA-8EDD-DE85C7BFCEF8}.Debug|Mixed Platforms.Deploy.0 = Debug|Any CPU
		{230D76B3-8CD0-4DBA-8EDD-DE85C7BFCEF8}.Debug|x86.ActiveCfg = Debug|Any CPU
		{230D76B3-8CD0-4DBA-8EDD-DE85C7BFCEF8}.Release|Any CPU.ActiveCfg = Release|Any CPU
		{230D76B3-8CD0-4DBA-8EDD-DE85C7BFCEF8}.Release|Any CPU.Build.0 = Release|Any CPU
		{230D76B3-8CD0-4DBA-8EDD-DE85C7BFCEF8}.Release|Any CPU.Deploy.0 = Release|Any CPU
		{230D76B3-8CD0-4DBA-8EDD-DE85C7BFCEF8}.Release|Mixed Platforms.ActiveCfg = Release|Any CPU
		{230D76B3-8CD0-4DBA-8EDD-DE85C7BFCEF8}.Release|Mixed Platforms.Build.0 = Release|Any CPU
		{230D76B3-8CD0-4DBA-8EDD-DE85C7BFCEF8}.Release|Mixed Platforms.Deploy.0 = Release|Any CPU
		{230D76B3-8CD0-4DBA-8EDD-DE85C7BFCEF8}.Release|x86.ActiveCfg = Release|Any CPU
		{BE6EBCCB-B7D8-4FCC-BA63-61A93BB8E4B9}.Debug|Any CPU.ActiveCfg = Debug|Any CPU
		{BE6EBCCB-B7D8-4FCC-BA63-61A93BB8E4B9}.Debug|Any CPU.Build.0 = Debug|Any CPU
		{BE6EBCCB-B7D8-4FCC-BA63-61A93BB8E4B9}.Debug|Any CPU.Deploy.0 = Debug|Any CPU
		{BE6EBCCB-B7D8-4FCC-BA63-61A93BB8E4B9}.Debug|Mixed Platforms.ActiveCfg = Debug|Any CPU
		{BE6EBCCB-B7D8-4FCC-BA63-61A93BB8E4B9}.Debug|Mixed Platforms.Build.0 = Debug|Any CPU
		{BE6EBCCB-B7D8-4FCC-BA63-61A93BB8E4B9}.Debug|Mixed Platforms.Deploy.0 = Debug|Any CPU
		{BE6EBCCB-B7D8-4FCC-BA63-61A93BB8E4B9}.Debug|x86.ActiveCfg = Debug|Any CPU
		{BE6EBCCB-B7D8-4FCC-BA63-61A93BB8E4B9}.Release|Any CPU.ActiveCfg = Release|Any CPU
		{BE6EBCCB-B7D8-4FCC-BA63-61A93BB8E4B9}.Release|Any CPU.Build.0 = Release|Any CPU
		{BE6EBCCB-B7D8-4FCC-BA63-61A93BB8E4B9}.Release|Any CPU.Deploy.0 = Release|Any CPU
		{BE6EBCCB-B7D8-4FCC-BA63-61A93BB8E4B9}.Release|Mixed Platforms.ActiveCfg = Release|Any CPU
		{BE6EBCCB-B7D8-4FCC-BA63-61A93BB8E4B9}.Release|Mixed Platforms.Build.0 = Release|Any CPU
		{BE6EBCCB-B7D8-4FCC-BA63-61A93BB8E4B9}.Release|Mixed Platforms.Deploy.0 = Release|Any CPU
		{BE6EBCCB-B7D8-4FCC-BA63-61A93BB8E4B9}.Release|x86.ActiveCfg = Release|Any CPU
		{18988BA3-5C76-4C3B-B2E8-532B887A95E0}.Debug|Any CPU.ActiveCfg = Debug|Any CPU
		{18988BA3-5C76-4C3B-B2E8-532B887A95E0}.Debug|Any CPU.Build.0 = Debug|Any CPU
		{18988BA3-5C76-4C3B-B2E8-532B887A95E0}.Debug|Any CPU.Deploy.0 = Debug|Any CPU
		{18988BA3-5C76-4C3B-B2E8-532B887A95E0}.Debug|Mixed Platforms.ActiveCfg = Debug|Any CPU
		{18988BA3-5C76-4C3B-B2E8-532B887A95E0}.Debug|Mixed Platforms.Build.0 = Debug|Any CPU
		{18988BA3-5C76-4C3B-B2E8-532B887A95E0}.Debug|Mixed Platforms.Deploy.0 = Debug|Any CPU
		{18988BA3-5C76-4C3B-B2E8-532B887A95E0}.Debug|x86.ActiveCfg = Debug|Any CPU
		{18988BA3-5C76-4C3B-B2E8-532B887A95E0}.Release|Any CPU.ActiveCfg = Release|Any CPU
		{18988BA3-5C76-4C3B-B2E8-532B887A95E0}.Release|Any CPU.Build.0 = Release|Any CPU
		{18988BA3-5C76-4C3B-B2E8-532B887A95E0}.Release|Any CPU.Deploy.0 = Release|Any CPU
		{18988BA3-5C76-4C3B-B2E8-532B887A95E0}.Release|Mixed Platforms.ActiveCfg = Release|Any CPU
		{18988BA3-5C76-4C3B-B2E8-532B887A95E0}.Release|Mixed Platforms.Build.0 = Release|Any CPU
		{18988BA3-5C76-4C3B-B2E8-532B887A95E0}.Release|Mixed Platforms.Deploy.0 = Release|Any CPU
		{18988BA3-5C76-4C3B-B2E8-532B887A95E0}.Release|x86.ActiveCfg = Release|Any CPU
		{22C2A41E-CBFB-4097-B877-D7CBB8533543}.Debug|Any CPU.ActiveCfg = Debug|Any CPU
		{22C2A41E-CBFB-4097-B877-D7CBB8533543}.Debug|Any CPU.Build.0 = Debug|Any CPU
		{22C2A41E-CBFB-4097-B877-D7CBB8533543}.Debug|Any CPU.Deploy.0 = Debug|Any CPU
		{22C2A41E-CBFB-4097-B877-D7CBB8533543}.Debug|Mixed Platforms.ActiveCfg = Debug|Any CPU
		{22C2A41E-CBFB-4097-B877-D7CBB8533543}.Debug|Mixed Platforms.Build.0 = Debug|Any CPU
		{22C2A41E-CBFB-4097-B877-D7CBB8533543}.Debug|Mixed Platforms.Deploy.0 = Debug|Any CPU
		{22C2A41E-CBFB-4097-B877-D7CBB8533543}.Debug|x86.ActiveCfg = Debug|Any CPU
		{22C2A41E-CBFB-4097-B877-D7CBB8533543}.Release|Any CPU.ActiveCfg = Release|Any CPU
		{22C2A41E-CBFB-4097-B877-D7CBB8533543}.Release|Any CPU.Build.0 = Release|Any CPU
		{22C2A41E-CBFB-4097-B877-D7CBB8533543}.Release|Any CPU.Deploy.0 = Release|Any CPU
		{22C2A41E-CBFB-4097-B877-D7CBB8533543}.Release|Mixed Platforms.ActiveCfg = Release|Any CPU
		{22C2A41E-CBFB-4097-B877-D7CBB8533543}.Release|Mixed Platforms.Build.0 = Release|Any CPU
		{22C2A41E-CBFB-4097-B877-D7CBB8533543}.Release|Mixed Platforms.Deploy.0 = Release|Any CPU
		{22C2A41E-CBFB-4097-B877-D7CBB8533543}.Release|x86.ActiveCfg = Release|Any CPU
		{4CB27B70-5E71-48B0-8161-D1620E1946A5}.Debug|Any CPU.ActiveCfg = Debug|Any CPU
		{4CB27B70-5E71-48B0-8161-D1620E1946A5}.Debug|Any CPU.Build.0 = Debug|Any CPU
		{4CB27B70-5E71-48B0-8161-D1620E1946A5}.Debug|Any CPU.Deploy.0 = Debug|Any CPU
		{4CB27B70-5E71-48B0-8161-D1620E1946A5}.Debug|Mixed Platforms.ActiveCfg = Debug|Any CPU
		{4CB27B70-5E71-48B0-8161-D1620E1946A5}.Debug|Mixed Platforms.Build.0 = Debug|Any CPU
		{4CB27B70-5E71-48B0-8161-D1620E1946A5}.Debug|Mixed Platforms.Deploy.0 = Debug|Any CPU
		{4CB27B70-5E71-48B0-8161-D1620E1946A5}.Debug|x86.ActiveCfg = Debug|Any CPU
		{4CB27B70-5E71-48B0-8161-D1620E1946A5}.Release|Any CPU.ActiveCfg = Release|Any CPU
		{4CB27B70-5E71-48B0-8161-D1620E1946A5}.Release|Any CPU.Build.0 = Release|Any CPU
		{4CB27B70-5E71-48B0-8161-D1620E1946A5}.Release|Any CPU.Deploy.0 = Release|Any CPU
		{4CB27B70-5E71-48B0-8161-D1620E1946A5}.Release|Mixed Platforms.ActiveCfg = Release|Any CPU
		{4CB27B70-5E71-48B0-8161-D1620E1946A5}.Release|Mixed Platforms.Build.0 = Release|Any CPU
		{4CB27B70-5E71-48B0-8161-D1620E1946A5}.Release|Mixed Platforms.Deploy.0 = Release|Any CPU
		{4CB27B70-5E71-48B0-8161-D1620E1946A5}.Release|x86.ActiveCfg = Release|Any CPU
		{4F3FFF55-76B3-4F9F-BB7C-5C241C713DA4}.Debug|Any CPU.ActiveCfg = Debug|Any CPU
		{4F3FFF55-76B3-4F9F-BB7C-5C241C713DA4}.Debug|Any CPU.Build.0 = Debug|Any CPU
		{4F3FFF55-76B3-4F9F-BB7C-5C241C713DA4}.Debug|Any CPU.Deploy.0 = Debug|Any CPU
		{4F3FFF55-76B3-4F9F-BB7C-5C241C713DA4}.Debug|Mixed Platforms.ActiveCfg = Debug|Any CPU
		{4F3FFF55-76B3-4F9F-BB7C-5C241C713DA4}.Debug|Mixed Platforms.Build.0 = Debug|Any CPU
		{4F3FFF55-76B3-4F9F-BB7C-5C241C713DA4}.Debug|Mixed Platforms.Deploy.0 = Debug|Any CPU
		{4F3FFF55-76B3-4F9F-BB7C-5C241C713DA4}.Debug|x86.ActiveCfg = Debug|Any CPU
		{4F3FFF55-76B3-4F9F-BB7C-5C241C713DA4}.Release|Any CPU.ActiveCfg = Release|Any CPU
		{4F3FFF55-76B3-4F9F-BB7C-5C241C713DA4}.Release|Any CPU.Build.0 = Release|Any CPU
		{4F3FFF55-76B3-4F9F-BB7C-5C241C713DA4}.Release|Any CPU.Deploy.0 = Release|Any CPU
		{4F3FFF55-76B3-4F9F-BB7C-5C241C713DA4}.Release|Mixed Platforms.ActiveCfg = Release|Any CPU
		{4F3FFF55-76B3-4F9F-BB7C-5C241C713DA4}.Release|Mixed Platforms.Build.0 = Release|Any CPU
		{4F3FFF55-76B3-4F9F-BB7C-5C241C713DA4}.Release|Mixed Platforms.Deploy.0 = Release|Any CPU
		{4F3FFF55-76B3-4F9F-BB7C-5C241C713DA4}.Release|x86.ActiveCfg = Release|Any CPU
		{ABC37F30-5D1A-4519-9F07-E7DBAC228B26}.Debug|Any CPU.ActiveCfg = Debug|Any CPU
		{ABC37F30-5D1A-4519-9F07-E7DBAC228B26}.Debug|Any CPU.Build.0 = Debug|Any CPU
		{ABC37F30-5D1A-4519-9F07-E7DBAC228B26}.Debug|Any CPU.Deploy.0 = Debug|Any CPU
		{ABC37F30-5D1A-4519-9F07-E7DBAC228B26}.Debug|Mixed Platforms.ActiveCfg = Debug|Any CPU
		{ABC37F30-5D1A-4519-9F07-E7DBAC228B26}.Debug|Mixed Platforms.Build.0 = Debug|Any CPU
		{ABC37F30-5D1A-4519-9F07-E7DBAC228B26}.Debug|Mixed Platforms.Deploy.0 = Debug|Any CPU
		{ABC37F30-5D1A-4519-9F07-E7DBAC228B26}.Debug|x86.ActiveCfg = Debug|Any CPU
		{ABC37F30-5D1A-4519-9F07-E7DBAC228B26}.Release|Any CPU.ActiveCfg = Release|Any CPU
		{ABC37F30-5D1A-4519-9F07-E7DBAC228B26}.Release|Any CPU.Build.0 = Release|Any CPU
		{ABC37F30-5D1A-4519-9F07-E7DBAC228B26}.Release|Any CPU.Deploy.0 = Release|Any CPU
		{ABC37F30-5D1A-4519-9F07-E7DBAC228B26}.Release|Mixed Platforms.ActiveCfg = Release|Any CPU
		{ABC37F30-5D1A-4519-9F07-E7DBAC228B26}.Release|Mixed Platforms.Build.0 = Release|Any CPU
		{ABC37F30-5D1A-4519-9F07-E7DBAC228B26}.Release|Mixed Platforms.Deploy.0 = Release|Any CPU
		{ABC37F30-5D1A-4519-9F07-E7DBAC228B26}.Release|x86.ActiveCfg = Release|Any CPU
		{8ABD1D32-EF50-443E-B9E7-E2CDDFEC83D3}.Debug|Any CPU.ActiveCfg = Debug|Any CPU
		{8ABD1D32-EF50-443E-B9E7-E2CDDFEC83D3}.Debug|Any CPU.Build.0 = Debug|Any CPU
		{8ABD1D32-EF50-443E-B9E7-E2CDDFEC83D3}.Debug|Any CPU.Deploy.0 = Debug|Any CPU
		{8ABD1D32-EF50-443E-B9E7-E2CDDFEC83D3}.Debug|Mixed Platforms.ActiveCfg = Debug|Any CPU
		{8ABD1D32-EF50-443E-B9E7-E2CDDFEC83D3}.Debug|Mixed Platforms.Build.0 = Debug|Any CPU
		{8ABD1D32-EF50-443E-B9E7-E2CDDFEC83D3}.Debug|Mixed Platforms.Deploy.0 = Debug|Any CPU
		{8ABD1D32-EF50-443E-B9E7-E2CDDFEC83D3}.Debug|x86.ActiveCfg = Debug|Any CPU
		{8ABD1D32-EF50-443E-B9E7-E2CDDFEC83D3}.Release|Any CPU.ActiveCfg = Release|Any CPU
		{8ABD1D32-EF50-443E-B9E7-E2CDDFEC83D3}.Release|Any CPU.Build.0 = Release|Any CPU
		{8ABD1D32-EF50-443E-B9E7-E2CDDFEC83D3}.Release|Any CPU.Deploy.0 = Release|Any CPU
		{8ABD1D32-EF50-443E-B9E7-E2CDDFEC83D3}.Release|Mixed Platforms.ActiveCfg = Release|Any CPU
		{8ABD1D32-EF50-443E-B9E7-E2CDDFEC83D3}.Release|Mixed Platforms.Build.0 = Release|Any CPU
		{8ABD1D32-EF50-443E-B9E7-E2CDDFEC83D3}.Release|Mixed Platforms.Deploy.0 = Release|Any CPU
		{8ABD1D32-EF50-443E-B9E7-E2CDDFEC83D3}.Release|x86.ActiveCfg = Release|Any CPU
		{39679A8D-4476-477B-B7E6-C0468315808C}.Debug|Any CPU.ActiveCfg = Debug|Any CPU
		{39679A8D-4476-477B-B7E6-C0468315808C}.Debug|Any CPU.Build.0 = Debug|Any CPU
		{39679A8D-4476-477B-B7E6-C0468315808C}.Debug|Any CPU.Deploy.0 = Debug|Any CPU
		{39679A8D-4476-477B-B7E6-C0468315808C}.Debug|Mixed Platforms.ActiveCfg = Debug|Any CPU
		{39679A8D-4476-477B-B7E6-C0468315808C}.Debug|Mixed Platforms.Build.0 = Debug|Any CPU
		{39679A8D-4476-477B-B7E6-C0468315808C}.Debug|Mixed Platforms.Deploy.0 = Debug|Any CPU
		{39679A8D-4476-477B-B7E6-C0468315808C}.Debug|x86.ActiveCfg = Debug|Any CPU
		{39679A8D-4476-477B-B7E6-C0468315808C}.Release|Any CPU.ActiveCfg = Release|Any CPU
		{39679A8D-4476-477B-B7E6-C0468315808C}.Release|Any CPU.Build.0 = Release|Any CPU
		{39679A8D-4476-477B-B7E6-C0468315808C}.Release|Any CPU.Deploy.0 = Release|Any CPU
		{39679A8D-4476-477B-B7E6-C0468315808C}.Release|Mixed Platforms.ActiveCfg = Release|Any CPU
		{39679A8D-4476-477B-B7E6-C0468315808C}.Release|Mixed Platforms.Build.0 = Release|Any CPU
		{39679A8D-4476-477B-B7E6-C0468315808C}.Release|Mixed Platforms.Deploy.0 = Release|Any CPU
		{39679A8D-4476-477B-B7E6-C0468315808C}.Release|x86.ActiveCfg = Release|Any CPU
		{53976E1A-29A1-4152-98A8-348277E6E7B6}.Debug|Any CPU.ActiveCfg = Debug|Any CPU
		{53976E1A-29A1-4152-98A8-348277E6E7B6}.Debug|Any CPU.Build.0 = Debug|Any CPU
		{53976E1A-29A1-4152-98A8-348277E6E7B6}.Debug|Any CPU.Deploy.0 = Debug|Any CPU
		{53976E1A-29A1-4152-98A8-348277E6E7B6}.Debug|Mixed Platforms.ActiveCfg = Debug|Any CPU
		{53976E1A-29A1-4152-98A8-348277E6E7B6}.Debug|Mixed Platforms.Build.0 = Debug|Any CPU
		{53976E1A-29A1-4152-98A8-348277E6E7B6}.Debug|Mixed Platforms.Deploy.0 = Debug|Any CPU
		{53976E1A-29A1-4152-98A8-348277E6E7B6}.Debug|x86.ActiveCfg = Debug|Any CPU
		{53976E1A-29A1-4152-98A8-348277E6E7B6}.Release|Any CPU.ActiveCfg = Release|Any CPU
		{53976E1A-29A1-4152-98A8-348277E6E7B6}.Release|Any CPU.Build.0 = Release|Any CPU
		{53976E1A-29A1-4152-98A8-348277E6E7B6}.Release|Any CPU.Deploy.0 = Release|Any CPU
		{53976E1A-29A1-4152-98A8-348277E6E7B6}.Release|Mixed Platforms.ActiveCfg = Release|Any CPU
		{53976E1A-29A1-4152-98A8-348277E6E7B6}.Release|Mixed Platforms.Build.0 = Release|Any CPU
		{53976E1A-29A1-4152-98A8-348277E6E7B6}.Release|Mixed Platforms.Deploy.0 = Release|Any CPU
		{53976E1A-29A1-4152-98A8-348277E6E7B6}.Release|x86.ActiveCfg = Release|Any CPU
		{618A34EF-EDDB-4F70-AA77-2F028767BE46}.Debug|Any CPU.ActiveCfg = Debug|Any CPU
		{618A34EF-EDDB-4F70-AA77-2F028767BE46}.Debug|Any CPU.Build.0 = Debug|Any CPU
		{618A34EF-EDDB-4F70-AA77-2F028767BE46}.Debug|Any CPU.Deploy.0 = Debug|Any CPU
		{618A34EF-EDDB-4F70-AA77-2F028767BE46}.Debug|Mixed Platforms.ActiveCfg = Debug|Any CPU
		{618A34EF-EDDB-4F70-AA77-2F028767BE46}.Debug|Mixed Platforms.Build.0 = Debug|Any CPU
		{618A34EF-EDDB-4F70-AA77-2F028767BE46}.Debug|Mixed Platforms.Deploy.0 = Debug|Any CPU
		{618A34EF-EDDB-4F70-AA77-2F028767BE46}.Debug|x86.ActiveCfg = Debug|Any CPU
		{618A34EF-EDDB-4F70-AA77-2F028767BE46}.Release|Any CPU.ActiveCfg = Release|Any CPU
		{618A34EF-EDDB-4F70-AA77-2F028767BE46}.Release|Any CPU.Build.0 = Release|Any CPU
		{618A34EF-EDDB-4F70-AA77-2F028767BE46}.Release|Any CPU.Deploy.0 = Release|Any CPU
		{618A34EF-EDDB-4F70-AA77-2F028767BE46}.Release|Mixed Platforms.ActiveCfg = Release|Any CPU
		{618A34EF-EDDB-4F70-AA77-2F028767BE46}.Release|Mixed Platforms.Build.0 = Release|Any CPU
		{618A34EF-EDDB-4F70-AA77-2F028767BE46}.Release|Mixed Platforms.Deploy.0 = Release|Any CPU
		{618A34EF-EDDB-4F70-AA77-2F028767BE46}.Release|x86.ActiveCfg = Release|Any CPU
		{F9A495FC-F856-4B8C-9802-65E8DD5CAEE1}.Debug|Any CPU.ActiveCfg = Debug|Any CPU
		{F9A495FC-F856-4B8C-9802-65E8DD5CAEE1}.Debug|Any CPU.Build.0 = Debug|Any CPU
		{F9A495FC-F856-4B8C-9802-65E8DD5CAEE1}.Debug|Any CPU.Deploy.0 = Debug|Any CPU
		{F9A495FC-F856-4B8C-9802-65E8DD5CAEE1}.Debug|Mixed Platforms.ActiveCfg = Debug|Any CPU
		{F9A495FC-F856-4B8C-9802-65E8DD5CAEE1}.Debug|Mixed Platforms.Build.0 = Debug|Any CPU
		{F9A495FC-F856-4B8C-9802-65E8DD5CAEE1}.Debug|Mixed Platforms.Deploy.0 = Debug|Any CPU
		{F9A495FC-F856-4B8C-9802-65E8DD5CAEE1}.Debug|x86.ActiveCfg = Debug|Any CPU
		{F9A495FC-F856-4B8C-9802-65E8DD5CAEE1}.Release|Any CPU.ActiveCfg = Release|Any CPU
		{F9A495FC-F856-4B8C-9802-65E8DD5CAEE1}.Release|Any CPU.Build.0 = Release|Any CPU
		{F9A495FC-F856-4B8C-9802-65E8DD5CAEE1}.Release|Any CPU.Deploy.0 = Release|Any CPU
		{F9A495FC-F856-4B8C-9802-65E8DD5CAEE1}.Release|Mixed Platforms.ActiveCfg = Release|Any CPU
		{F9A495FC-F856-4B8C-9802-65E8DD5CAEE1}.Release|Mixed Platforms.Build.0 = Release|Any CPU
		{F9A495FC-F856-4B8C-9802-65E8DD5CAEE1}.Release|Mixed Platforms.Deploy.0 = Release|Any CPU
		{F9A495FC-F856-4B8C-9802-65E8DD5CAEE1}.Release|x86.ActiveCfg = Release|Any CPU
		{B2BD93B2-4683-4F46-A480-B280D27C0244}.Debug|Any CPU.ActiveCfg = Debug|Any CPU
		{B2BD93B2-4683-4F46-A480-B280D27C0244}.Debug|Any CPU.Build.0 = Debug|Any CPU
		{B2BD93B2-4683-4F46-A480-B280D27C0244}.Debug|Any CPU.Deploy.0 = Debug|Any CPU
		{B2BD93B2-4683-4F46-A480-B280D27C0244}.Debug|Mixed Platforms.ActiveCfg = Debug|Any CPU
		{B2BD93B2-4683-4F46-A480-B280D27C0244}.Debug|Mixed Platforms.Build.0 = Debug|Any CPU
		{B2BD93B2-4683-4F46-A480-B280D27C0244}.Debug|Mixed Platforms.Deploy.0 = Debug|Any CPU
		{B2BD93B2-4683-4F46-A480-B280D27C0244}.Debug|x86.ActiveCfg = Debug|Any CPU
		{B2BD93B2-4683-4F46-A480-B280D27C0244}.Release|Any CPU.ActiveCfg = Release|Any CPU
		{B2BD93B2-4683-4F46-A480-B280D27C0244}.Release|Any CPU.Build.0 = Release|Any CPU
		{B2BD93B2-4683-4F46-A480-B280D27C0244}.Release|Any CPU.Deploy.0 = Release|Any CPU
		{B2BD93B2-4683-4F46-A480-B280D27C0244}.Release|Mixed Platforms.ActiveCfg = Release|Any CPU
		{B2BD93B2-4683-4F46-A480-B280D27C0244}.Release|Mixed Platforms.Build.0 = Release|Any CPU
		{B2BD93B2-4683-4F46-A480-B280D27C0244}.Release|Mixed Platforms.Deploy.0 = Release|Any CPU
		{B2BD93B2-4683-4F46-A480-B280D27C0244}.Release|x86.ActiveCfg = Release|Any CPU
		{F95B7EE9-924C-4D01-8AF9-CF6491D43AF2}.Debug|Any CPU.ActiveCfg = Debug|Any CPU
		{F95B7EE9-924C-4D01-8AF9-CF6491D43AF2}.Debug|Any CPU.Build.0 = Debug|Any CPU
		{F95B7EE9-924C-4D01-8AF9-CF6491D43AF2}.Debug|Any CPU.Deploy.0 = Debug|Any CPU
		{F95B7EE9-924C-4D01-8AF9-CF6491D43AF2}.Debug|Mixed Platforms.ActiveCfg = Debug|Any CPU
		{F95B7EE9-924C-4D01-8AF9-CF6491D43AF2}.Debug|Mixed Platforms.Build.0 = Debug|Any CPU
		{F95B7EE9-924C-4D01-8AF9-CF6491D43AF2}.Debug|Mixed Platforms.Deploy.0 = Debug|Any CPU
		{F95B7EE9-924C-4D01-8AF9-CF6491D43AF2}.Debug|x86.ActiveCfg = Debug|Any CPU
		{F95B7EE9-924C-4D01-8AF9-CF6491D43AF2}.Release|Any CPU.ActiveCfg = Release|Any CPU
		{F95B7EE9-924C-4D01-8AF9-CF6491D43AF2}.Release|Any CPU.Build.0 = Release|Any CPU
		{F95B7EE9-924C-4D01-8AF9-CF6491D43AF2}.Release|Any CPU.Deploy.0 = Release|Any CPU
		{F95B7EE9-924C-4D01-8AF9-CF6491D43AF2}.Release|Mixed Platforms.ActiveCfg = Release|Any CPU
		{F95B7EE9-924C-4D01-8AF9-CF6491D43AF2}.Release|Mixed Platforms.Build.0 = Release|Any CPU
		{F95B7EE9-924C-4D01-8AF9-CF6491D43AF2}.Release|Mixed Platforms.Deploy.0 = Release|Any CPU
		{F95B7EE9-924C-4D01-8AF9-CF6491D43AF2}.Release|x86.ActiveCfg = Release|Any CPU
	EndGlobalSection
	GlobalSection(SolutionProperties) = preSolution
		HideSolutionNode = FALSE
	EndGlobalSection
EndGlobal
