
Microsoft Visual Studio Solution File, Format Version 11.00
# Visual Studio 2010
Project("{FAE04EC0-301F-11D3-BF4B-00C04F79EFBC}") = "RibbonManager", "..\Visual Studio 2010\Projects\RibbonManager\RibbonManager.csproj", "{BC3984E2-0B33-412A-A27D-56162AA05427}"
EndProject
Global
	GlobalSection(TeamFoundationVersionControl) = preSolution
		SccNumberOfProjects = 2
		SccEnterpriseProvider = {4CA58AB2-18FA-4F8D-95D4-32DDF27D184C}
		SccTeamFoundationServer = https://tfs.codeplex.com/tfs/tfs35
		SccLocalPath0 = .
		SccProjectUniqueName1 = ..\\Visual\u0020Studio\u00202010\\Projects\\RibbonManager\\RibbonManager.csproj
		SccProjectName1 = ../Visual\u0020Studio\u00202010/Projects/RibbonManager
		SccLocalPath1 = ..\\Visual\u0020Studio\u00202010\\Projects\\RibbonManager
	EndGlobalSection
	GlobalSection(SolutionConfigurationPlatforms) = preSolution
		Debug|Any CPU = Debug|Any CPU
		Release|Any CPU = Release|Any CPU
	EndGlobalSection
	GlobalSection(ProjectConfigurationPlatforms) = postSolution
		{BC3984E2-0B33-412A-A27D-56162AA05427}.Debug|Any CPU.ActiveCfg = Debug|Any CPU
		{BC3984E2-0B33-412A-A27D-56162AA05427}.Debug|Any CPU.Build.0 = Debug|Any CPU
		{BC3984E2-0B33-412A-A27D-56162AA05427}.Debug|Any CPU.Deploy.0 = Debug|Any CPU
		{BC3984E2-0B33-412A-A27D-56162AA05427}.Release|Any CPU.ActiveCfg = Release|Any CPU
		{BC3984E2-0B33-412A-A27D-56162AA05427}.Release|Any CPU.Build.0 = Release|Any CPU
		{BC3984E2-0B33-412A-A27D-56162AA05427}.Release|Any CPU.Deploy.0 = Release|Any CPU
	EndGlobalSection
	GlobalSection(SolutionProperties) = preSolution
		HideSolutionNode = FALSE
	EndGlobalSection
EndGlobal
